
Microsoft Visual Studio Solution File, Format Version 12.00
# Visual Studio Version 17
VisualStudioVersion = 17.13.35931.197 d17.13
MinimumVisualStudioVersion = 10.0.40219.1
Project("{F184B08F-C81C-45F6-A57F-5ABD9991F28F}") = "VBEmailSpamFilter", "VBEmailSpamFilter\VBEmailSpamFilter.vbproj", "{3F864EA0-EEA3-4352-AA85-3581B098070C}"
EndProject
Global
	GlobalSection(SolutionConfigurationPlatforms) = preSolution
		Debug|Any CPU = Debug|Any CPU
		Release|Any CPU = Release|Any CPU
	EndGlobalSection
	GlobalSection(ProjectConfigurationPlatforms) = postSolution
		{3F864EA0-EEA3-4352-AA85-3581B098070C}.Debug|Any CPU.ActiveCfg = Debug|Any CPU
		{3F864EA0-EEA3-4352-AA85-3581B098070C}.Debug|Any CPU.Build.0 = Debug|Any CPU
		{3F864EA0-EEA3-4352-AA85-3581B098070C}.Release|Any CPU.ActiveCfg = Release|Any CPU
		{3F864EA0-EEA3-4352-AA85-3581B098070C}.Release|Any CPU.Build.0 = Release|Any CPU
	EndGlobalSection
	GlobalSection(SolutionProperties) = preSolution
		HideSolutionNode = FALSE
	EndGlobalSection
	GlobalSection(ExtensibilityGlobals) = postSolution
		SolutionGuid = {020E8368-A267-46C5-8106-ABA212DA7195}
	EndGlobalSection
EndGlobal
